
Microsoft Visual Studio Solution File, Format Version 12.00
# Visual Studio Version 17
VisualStudioVersion = 17.9.34714.143
MinimumVisualStudioVersion = 10.0.40219.1
Project("{9A19103F-16F7-4668-BE54-9A1E7A4F7556}") = "SampleProject.Api", "Presentation\SampleProject.Api\SampleProject.Api.csproj", "{2AFB0A91-657A-404F-94DB-9018AF4D0DB5}"
EndProject
Project("{2150E333-8FDC-42A3-9474-1A3956D46DE8}") = "Core", "Core", "{E4BC9BBC-CCD0-4C6B-800E-903A09BB7773}"
EndProject
Project("{2150E333-8FDC-42A3-9474-1A3956D46DE8}") = "Presentation", "Presentation", "{98CC0F0D-1997-425D-9DE5-F23409B5C590}"
EndProject
Project("{9A19103F-16F7-4668-BE54-9A1E7A4F7556}") = "SampleProject.Domain", "Core\SampleProject.Domain\SampleProject.Domain.csproj", "{4124B364-8CAA-4ED3-842C-43D5ADC056B8}"
EndProject
Project("{9A19103F-16F7-4668-BE54-9A1E7A4F7556}") = "SampleProject.Shared", "Core\SampleProject.Shared\SampleProject.Shared.csproj", "{C7A7D13C-847E-4BE9-8510-C30FF3961CB5}"
EndProject
Project("{9A19103F-16F7-4668-BE54-9A1E7A4F7556}") = "SampleProject.Application", "Presentation\SampleProject.Application\SampleProject.Application.csproj", "{B3A02BF6-A3DA-4A9A-8D4C-FA82C57D0C27}"
EndProject
Project("{2150E333-8FDC-42A3-9474-1A3956D46DE8}") = "Solution Items", "Solution Items", "{7EDEF149-5C72-4C59-894A-307361BEBC31}"
	ProjectSection(SolutionItems) = preProject
		Dockerfile_local = Dockerfile_local
	EndProjectSection
EndProject
Global
	GlobalSection(SolutionConfigurationPlatforms) = preSolution
		Debug|Any CPU = Debug|Any CPU
		Release|Any CPU = Release|Any CPU
	EndGlobalSection
	GlobalSection(ProjectConfigurationPlatforms) = postSolution
		{2AFB0A91-657A-404F-94DB-9018AF4D0DB5}.Debug|Any CPU.ActiveCfg = Debug|Any CPU
		{2AFB0A91-657A-404F-94DB-9018AF4D0DB5}.Debug|Any CPU.Build.0 = Debug|Any CPU
		{2AFB0A91-657A-404F-94DB-9018AF4D0DB5}.Release|Any CPU.ActiveCfg = Release|Any CPU
		{2AFB0A91-657A-404F-94DB-9018AF4D0DB5}.Release|Any CPU.Build.0 = Release|Any CPU
		{4124B364-8CAA-4ED3-842C-43D5ADC056B8}.Debug|Any CPU.ActiveCfg = Debug|Any CPU
		{4124B364-8CAA-4ED3-842C-43D5ADC056B8}.Debug|Any CPU.Build.0 = Debug|Any CPU
		{4124B364-8CAA-4ED3-842C-43D5ADC056B8}.Release|Any CPU.ActiveCfg = Release|Any CPU
		{4124B364-8CAA-4ED3-842C-43D5ADC056B8}.Release|Any CPU.Build.0 = Release|Any CPU
		{C7A7D13C-847E-4BE9-8510-C30FF3961CB5}.Debug|Any CPU.ActiveCfg = Debug|Any CPU
		{C7A7D13C-847E-4BE9-8510-C30FF3961CB5}.Debug|Any CPU.Build.0 = Debug|Any CPU
		{C7A7D13C-847E-4BE9-8510-C30FF3961CB5}.Release|Any CPU.ActiveCfg = Release|Any CPU
		{C7A7D13C-847E-4BE9-8510-C30FF3961CB5}.Release|Any CPU.Build.0 = Release|Any CPU
		{B3A02BF6-A3DA-4A9A-8D4C-FA82C57D0C27}.Debug|Any CPU.ActiveCfg = Debug|Any CPU
		{B3A02BF6-A3DA-4A9A-8D4C-FA82C57D0C27}.Debug|Any CPU.Build.0 = Debug|Any CPU
		{B3A02BF6-A3DA-4A9A-8D4C-FA82C57D0C27}.Release|Any CPU.ActiveCfg = Release|Any CPU
		{B3A02BF6-A3DA-4A9A-8D4C-FA82C57D0C27}.Release|Any CPU.Build.0 = Release|Any CPU
	EndGlobalSection
	GlobalSection(SolutionProperties) = preSolution
		HideSolutionNode = FALSE
	EndGlobalSection
	GlobalSection(NestedProjects) = preSolution
		{2AFB0A91-657A-404F-94DB-9018AF4D0DB5} = {98CC0F0D-1997-425D-9DE5-F23409B5C590}
		{4124B364-8CAA-4ED3-842C-43D5ADC056B8} = {E4BC9BBC-CCD0-4C6B-800E-903A09BB7773}
		{C7A7D13C-847E-4BE9-8510-C30FF3961CB5} = {E4BC9BBC-CCD0-4C6B-800E-903A09BB7773}
		{B3A02BF6-A3DA-4A9A-8D4C-FA82C57D0C27} = {98CC0F0D-1997-425D-9DE5-F23409B5C590}
	EndGlobalSection
	GlobalSection(ExtensibilityGlobals) = postSolution
		SolutionGuid = {01188A98-6D83-4023-A235-80E9EF1DC108}
	EndGlobalSection
EndGlobal
